
Microsoft Visual Studio Solution File, Format Version 12.00
# Visual Studio Version 16
VisualStudioVersion = 16.0.33927.289
MinimumVisualStudioVersion = 10.0.40219.1
Project("{FAE04EC0-301F-11D3-BF4B-00C04F79EFBC}") = "Ivanov2", "Ivanov2\Ivanov2.csproj", "{E503E5ED-F5BD-41D2-B27D-607712204FB8}"
EndProject
Global
	GlobalSection(SolutionConfigurationPlatforms) = preSolution
		Debug|Any CPU = Debug|Any CPU
		Release|Any CPU = Release|Any CPU
	EndGlobalSection
	GlobalSection(ProjectConfigurationPlatforms) = postSolution
		{E503E5ED-F5BD-41D2-B27D-607712204FB8}.Debug|Any CPU.ActiveCfg = Debug|Any CPU
		{E503E5ED-F5BD-41D2-B27D-607712204FB8}.Debug|Any CPU.Build.0 = Debug|Any CPU
		{E503E5ED-F5BD-41D2-B27D-607712204FB8}.Release|Any CPU.ActiveCfg = Release|Any CPU
		{E503E5ED-F5BD-41D2-B27D-607712204FB8}.Release|Any CPU.Build.0 = Release|Any CPU
	EndGlobalSection
	GlobalSection(SolutionProperties) = preSolution
		HideSolutionNode = FALSE
	EndGlobalSection
	GlobalSection(ExtensibilityGlobals) = postSolution
		SolutionGuid = {CD7B4510-6D3D-465B-8864-4CA3CB2CCB4B}
	EndGlobalSection
EndGlobal
